
Microsoft Visual Studio Solution File, Format Version 12.00
# Visual Studio 15
VisualStudioVersion = 15.0.27703.2042
MinimumVisualStudioVersion = 10.0.40219.1
Project("{8BC9CEB8-8B4A-11D0-8D11-00A0C91BC942}") = "graphics", "graphics\graphics.vcxproj", "{E4465166-81A5-49D2-82D8-47BE5475247C}"
EndProject
Project("{8BC9CEB8-8B4A-11D0-8D11-00A0C91BC942}") = "input", "input\input.vcxproj", "{B7416168-10EA-4513-8845-9EAC289A7C6E}"
EndProject
Project("{8BC9CEB8-8B4A-11D0-8D11-00A0C91BC942}") = "window", "window\window.vcxproj", "{42EE258D-6054-45FD-B647-C20BBFCAD104}"
EndProject
Project("{8BC9CEB8-8B4A-11D0-8D11-00A0C91BC942}") = "main", "main\main.vcxproj", "{20BF027C-8B65-4803-B2CF-E4DF2E5A1613}"
EndProject
Project("{8BC9CEB8-8B4A-11D0-8D11-00A0C91BC942}") = "engine", "engine\engine.vcxproj", "{8DB4608B-7436-4169-B63F-8A5107E1B42D}"
EndProject
Project("{8BC9CEB8-8B4A-11D0-8D11-00A0C91BC942}") = "math", "math\math.vcxproj", "{C5A58CE7-7230-4DE1-B9EA-5D86A21CE151}"
EndProject
Project("{8BC9CEB8-8B4A-11D0-8D11-00A0C91BC942}") = "dll_loader", "dll_loader\dll_loader.vcxproj", "{EBC21C23-C8A9-41F3-90EE-56CA3F1CE361}"
EndProject
Project("{8BC9CEB8-8B4A-11D0-8D11-00A0C91BC942}") = "ecs", "ecs\ecs.vcxproj", "{DD4D7E4A-1164-4160-8783-11B129B6F6D3}"
EndProject
Project("{8BC9CEB8-8B4A-11D0-8D11-00A0C91BC942}") = "main_window", "main_window\main_window.vcxproj", "{987D1F41-1A6B-4157-98A0-242F720F7837}"
EndProject
Project("{8BC9CEB8-8B4A-11D0-8D11-00A0C91BC942}") = "node_base", "node_base\node_base.vcxproj", "{72D31539-6F87-4766-B85C-687CF760D575}"
EndProject
Project("{2150E333-8FDC-42A3-9474-1A3956D46DE8}") = "lib", "lib", "{7B86E549-3129-4044-9C93-F481108E747D}"
EndProject
Project("{2150E333-8FDC-42A3-9474-1A3956D46DE8}") = "dll", "dll", "{C8AA40D6-41DB-45BD-A657-2CDEF057B3E2}"
EndProject
Project("{2150E333-8FDC-42A3-9474-1A3956D46DE8}") = "node", "node", "{621E4DA8-A3E1-49AE-92E9-E60E0B19DF3A}"
EndProject
Project("{8BC9CEB8-8B4A-11D0-8D11-00A0C91BC942}") = "command_list", "command_list\command_list.vcxproj", "{7305A897-2208-4260-8103-E840A184E565}"
EndProject
Project("{8BC9CEB8-8B4A-11D0-8D11-00A0C91BC942}") = "DirectXTex", "..\DirectXTex\DirectXTex\DirectXTex_Desktop_2017_Win10.vcxproj", "{371B9FA9-4C90-4AC6-A123-ACED756D6C77}"
EndProject
Project("{8BC9CEB8-8B4A-11D0-8D11-00A0C91BC942}") = "model_node_editor", "model_node_editor\model_node_editor.vcxproj", "{9F776D92-FBD7-4FDF-81B0-9F5F6311BDEE}"
EndProject
Project("{8BC9CEB8-8B4A-11D0-8D11-00A0C91BC942}") = "node_system", "node_system\node_system.vcxproj", "{1771F905-E4EC-428C-B46E-18E003B884B8}"
EndProject
Project("{8BC9CEB8-8B4A-11D0-8D11-00A0C91BC942}") = "freetype", "..\freetype\sln\freetype.vcxproj", "{9AC899E8-D361-3FB4-8C2B-2D5A843858F9}"
EndProject
Project("{2150E333-8FDC-42A3-9474-1A3956D46DE8}") = "resources", "resources", "{FF4588FE-4A7C-43AC-8797-D012A37D4B29}"
	ProjectSection(SolutionItems) = preProject
		data\shader\default_2d.hlsl = data\shader\default_2d.hlsl
		data\shader\nine_patch.hlsl = data\shader\nine_patch.hlsl
		data\shader\repeat.hlsl = data\shader\repeat.hlsl
		data\shader\smooth_line.hlsl = data\shader\smooth_line.hlsl
		data\shader\template.hlsli = data\shader\template.hlsli
	EndProjectSection
EndProject
Global
	GlobalSection(SolutionConfigurationPlatforms) = preSolution
		Debug|x64 = Debug|x64
		Debug|x86 = Debug|x86
		MinSizeRel|x64 = MinSizeRel|x64
		MinSizeRel|x86 = MinSizeRel|x86
		Profile|x64 = Profile|x64
		Profile|x86 = Profile|x86
		Release|x64 = Release|x64
		Release|x86 = Release|x86
		RelWithDebInfo|x64 = RelWithDebInfo|x64
		RelWithDebInfo|x86 = RelWithDebInfo|x86
	EndGlobalSection
	GlobalSection(ProjectConfigurationPlatforms) = postSolution
		{E4465166-81A5-49D2-82D8-47BE5475247C}.Debug|x64.ActiveCfg = Debug|x64
		{E4465166-81A5-49D2-82D8-47BE5475247C}.Debug|x64.Build.0 = Debug|x64
		{E4465166-81A5-49D2-82D8-47BE5475247C}.Debug|x86.ActiveCfg = Debug|Win32
		{E4465166-81A5-49D2-82D8-47BE5475247C}.Debug|x86.Build.0 = Debug|Win32
		{E4465166-81A5-49D2-82D8-47BE5475247C}.MinSizeRel|x64.ActiveCfg = Release|x64
		{E4465166-81A5-49D2-82D8-47BE5475247C}.MinSizeRel|x64.Build.0 = Release|x64
		{E4465166-81A5-49D2-82D8-47BE5475247C}.MinSizeRel|x86.ActiveCfg = Release|Win32
		{E4465166-81A5-49D2-82D8-47BE5475247C}.MinSizeRel|x86.Build.0 = Release|Win32
		{E4465166-81A5-49D2-82D8-47BE5475247C}.Profile|x64.ActiveCfg = Release|x64
		{E4465166-81A5-49D2-82D8-47BE5475247C}.Profile|x64.Build.0 = Release|x64
		{E4465166-81A5-49D2-82D8-47BE5475247C}.Profile|x86.ActiveCfg = Release|Win32
		{E4465166-81A5-49D2-82D8-47BE5475247C}.Profile|x86.Build.0 = Release|Win32
		{E4465166-81A5-49D2-82D8-47BE5475247C}.Release|x64.ActiveCfg = Release|x64
		{E4465166-81A5-49D2-82D8-47BE5475247C}.Release|x64.Build.0 = Release|x64
		{E4465166-81A5-49D2-82D8-47BE5475247C}.Release|x86.ActiveCfg = Release|Win32
		{E4465166-81A5-49D2-82D8-47BE5475247C}.Release|x86.Build.0 = Release|Win32
		{E4465166-81A5-49D2-82D8-47BE5475247C}.RelWithDebInfo|x64.ActiveCfg = Release|x64
		{E4465166-81A5-49D2-82D8-47BE5475247C}.RelWithDebInfo|x64.Build.0 = Release|x64
		{E4465166-81A5-49D2-82D8-47BE5475247C}.RelWithDebInfo|x86.ActiveCfg = Release|Win32
		{E4465166-81A5-49D2-82D8-47BE5475247C}.RelWithDebInfo|x86.Build.0 = Release|Win32
		{B7416168-10EA-4513-8845-9EAC289A7C6E}.Debug|x64.ActiveCfg = Debug|x64
		{B7416168-10EA-4513-8845-9EAC289A7C6E}.Debug|x64.Build.0 = Debug|x64
		{B7416168-10EA-4513-8845-9EAC289A7C6E}.Debug|x86.ActiveCfg = Debug|Win32
		{B7416168-10EA-4513-8845-9EAC289A7C6E}.Debug|x86.Build.0 = Debug|Win32
		{B7416168-10EA-4513-8845-9EAC289A7C6E}.MinSizeRel|x64.ActiveCfg = Release|x64
		{B7416168-10EA-4513-8845-9EAC289A7C6E}.MinSizeRel|x64.Build.0 = Release|x64
		{B7416168-10EA-4513-8845-9EAC289A7C6E}.MinSizeRel|x86.ActiveCfg = Release|Win32
		{B7416168-10EA-4513-8845-9EAC289A7C6E}.MinSizeRel|x86.Build.0 = Release|Win32
		{B7416168-10EA-4513-8845-9EAC289A7C6E}.Profile|x64.ActiveCfg = Release|x64
		{B7416168-10EA-4513-8845-9EAC289A7C6E}.Profile|x64.Build.0 = Release|x64
		{B7416168-10EA-4513-8845-9EAC289A7C6E}.Profile|x86.ActiveCfg = Release|Win32
		{B7416168-10EA-4513-8845-9EAC289A7C6E}.Profile|x86.Build.0 = Release|Win32
		{B7416168-10EA-4513-8845-9EAC289A7C6E}.Release|x64.ActiveCfg = Release|x64
		{B7416168-10EA-4513-8845-9EAC289A7C6E}.Release|x64.Build.0 = Release|x64
		{B7416168-10EA-4513-8845-9EAC289A7C6E}.Release|x86.ActiveCfg = Release|Win32
		{B7416168-10EA-4513-8845-9EAC289A7C6E}.Release|x86.Build.0 = Release|Win32
		{B7416168-10EA-4513-8845-9EAC289A7C6E}.RelWithDebInfo|x64.ActiveCfg = Release|x64
		{B7416168-10EA-4513-8845-9EAC289A7C6E}.RelWithDebInfo|x64.Build.0 = Release|x64
		{B7416168-10EA-4513-8845-9EAC289A7C6E}.RelWithDebInfo|x86.ActiveCfg = Release|Win32
		{B7416168-10EA-4513-8845-9EAC289A7C6E}.RelWithDebInfo|x86.Build.0 = Release|Win32
		{42EE258D-6054-45FD-B647-C20BBFCAD104}.Debug|x64.ActiveCfg = Debug|x64
		{42EE258D-6054-45FD-B647-C20BBFCAD104}.Debug|x64.Build.0 = Debug|x64
		{42EE258D-6054-45FD-B647-C20BBFCAD104}.Debug|x86.ActiveCfg = Debug|Win32
		{42EE258D-6054-45FD-B647-C20BBFCAD104}.Debug|x86.Build.0 = Debug|Win32
		{42EE258D-6054-45FD-B647-C20BBFCAD104}.MinSizeRel|x64.ActiveCfg = Release|x64
		{42EE258D-6054-45FD-B647-C20BBFCAD104}.MinSizeRel|x64.Build.0 = Release|x64
		{42EE258D-6054-45FD-B647-C20BBFCAD104}.MinSizeRel|x86.ActiveCfg = Release|Win32
		{42EE258D-6054-45FD-B647-C20BBFCAD104}.MinSizeRel|x86.Build.0 = Release|Win32
		{42EE258D-6054-45FD-B647-C20BBFCAD104}.Profile|x64.ActiveCfg = Release|x64
		{42EE258D-6054-45FD-B647-C20BBFCAD104}.Profile|x64.Build.0 = Release|x64
		{42EE258D-6054-45FD-B647-C20BBFCAD104}.Profile|x86.ActiveCfg = Release|Win32
		{42EE258D-6054-45FD-B647-C20BBFCAD104}.Profile|x86.Build.0 = Release|Win32
		{42EE258D-6054-45FD-B647-C20BBFCAD104}.Release|x64.ActiveCfg = Release|x64
		{42EE258D-6054-45FD-B647-C20BBFCAD104}.Release|x64.Build.0 = Release|x64
		{42EE258D-6054-45FD-B647-C20BBFCAD104}.Release|x86.ActiveCfg = Release|Win32
		{42EE258D-6054-45FD-B647-C20BBFCAD104}.Release|x86.Build.0 = Release|Win32
		{42EE258D-6054-45FD-B647-C20BBFCAD104}.RelWithDebInfo|x64.ActiveCfg = Release|x64
		{42EE258D-6054-45FD-B647-C20BBFCAD104}.RelWithDebInfo|x64.Build.0 = Release|x64
		{42EE258D-6054-45FD-B647-C20BBFCAD104}.RelWithDebInfo|x86.ActiveCfg = Release|Win32
		{42EE258D-6054-45FD-B647-C20BBFCAD104}.RelWithDebInfo|x86.Build.0 = Release|Win32
		{20BF027C-8B65-4803-B2CF-E4DF2E5A1613}.Debug|x64.ActiveCfg = Debug|x64
		{20BF027C-8B65-4803-B2CF-E4DF2E5A1613}.Debug|x64.Build.0 = Debug|x64
		{20BF027C-8B65-4803-B2CF-E4DF2E5A1613}.Debug|x86.ActiveCfg = Debug|Win32
		{20BF027C-8B65-4803-B2CF-E4DF2E5A1613}.Debug|x86.Build.0 = Debug|Win32
		{20BF027C-8B65-4803-B2CF-E4DF2E5A1613}.MinSizeRel|x64.ActiveCfg = Release|x64
		{20BF027C-8B65-4803-B2CF-E4DF2E5A1613}.MinSizeRel|x64.Build.0 = Release|x64
		{20BF027C-8B65-4803-B2CF-E4DF2E5A1613}.MinSizeRel|x86.ActiveCfg = Release|Win32
		{20BF027C-8B65-4803-B2CF-E4DF2E5A1613}.MinSizeRel|x86.Build.0 = Release|Win32
		{20BF027C-8B65-4803-B2CF-E4DF2E5A1613}.Profile|x64.ActiveCfg = Release|x64
		{20BF027C-8B65-4803-B2CF-E4DF2E5A1613}.Profile|x64.Build.0 = Release|x64
		{20BF027C-8B65-4803-B2CF-E4DF2E5A1613}.Profile|x86.ActiveCfg = Release|Win32
		{20BF027C-8B65-4803-B2CF-E4DF2E5A1613}.Profile|x86.Build.0 = Release|Win32
		{20BF027C-8B65-4803-B2CF-E4DF2E5A1613}.Release|x64.ActiveCfg = Release|x64
		{20BF027C-8B65-4803-B2CF-E4DF2E5A1613}.Release|x64.Build.0 = Release|x64
		{20BF027C-8B65-4803-B2CF-E4DF2E5A1613}.Release|x86.ActiveCfg = Release|Win32
		{20BF027C-8B65-4803-B2CF-E4DF2E5A1613}.Release|x86.Build.0 = Release|Win32
		{20BF027C-8B65-4803-B2CF-E4DF2E5A1613}.RelWithDebInfo|x64.ActiveCfg = Release|x64
		{20BF027C-8B65-4803-B2CF-E4DF2E5A1613}.RelWithDebInfo|x64.Build.0 = Release|x64
		{20BF027C-8B65-4803-B2CF-E4DF2E5A1613}.RelWithDebInfo|x86.ActiveCfg = Release|Win32
		{20BF027C-8B65-4803-B2CF-E4DF2E5A1613}.RelWithDebInfo|x86.Build.0 = Release|Win32
		{8DB4608B-7436-4169-B63F-8A5107E1B42D}.Debug|x64.ActiveCfg = Debug|x64
		{8DB4608B-7436-4169-B63F-8A5107E1B42D}.Debug|x64.Build.0 = Debug|x64
		{8DB4608B-7436-4169-B63F-8A5107E1B42D}.Debug|x86.ActiveCfg = Debug|Win32
		{8DB4608B-7436-4169-B63F-8A5107E1B42D}.Debug|x86.Build.0 = Debug|Win32
		{8DB4608B-7436-4169-B63F-8A5107E1B42D}.MinSizeRel|x64.ActiveCfg = Release|x64
		{8DB4608B-7436-4169-B63F-8A5107E1B42D}.MinSizeRel|x64.Build.0 = Release|x64
		{8DB4608B-7436-4169-B63F-8A5107E1B42D}.MinSizeRel|x86.ActiveCfg = Release|Win32
		{8DB4608B-7436-4169-B63F-8A5107E1B42D}.MinSizeRel|x86.Build.0 = Release|Win32
		{8DB4608B-7436-4169-B63F-8A5107E1B42D}.Profile|x64.ActiveCfg = Release|x64
		{8DB4608B-7436-4169-B63F-8A5107E1B42D}.Profile|x64.Build.0 = Release|x64
		{8DB4608B-7436-4169-B63F-8A5107E1B42D}.Profile|x86.ActiveCfg = Release|Win32
		{8DB4608B-7436-4169-B63F-8A5107E1B42D}.Profile|x86.Build.0 = Release|Win32
		{8DB4608B-7436-4169-B63F-8A5107E1B42D}.Release|x64.ActiveCfg = Release|x64
		{8DB4608B-7436-4169-B63F-8A5107E1B42D}.Release|x64.Build.0 = Release|x64
		{8DB4608B-7436-4169-B63F-8A5107E1B42D}.Release|x86.ActiveCfg = Release|Win32
		{8DB4608B-7436-4169-B63F-8A5107E1B42D}.Release|x86.Build.0 = Release|Win32
		{8DB4608B-7436-4169-B63F-8A5107E1B42D}.RelWithDebInfo|x64.ActiveCfg = Release|x64
		{8DB4608B-7436-4169-B63F-8A5107E1B42D}.RelWithDebInfo|x64.Build.0 = Release|x64
		{8DB4608B-7436-4169-B63F-8A5107E1B42D}.RelWithDebInfo|x86.ActiveCfg = Release|Win32
		{8DB4608B-7436-4169-B63F-8A5107E1B42D}.RelWithDebInfo|x86.Build.0 = Release|Win32
		{C5A58CE7-7230-4DE1-B9EA-5D86A21CE151}.Debug|x64.ActiveCfg = Debug|x64
		{C5A58CE7-7230-4DE1-B9EA-5D86A21CE151}.Debug|x64.Build.0 = Debug|x64
		{C5A58CE7-7230-4DE1-B9EA-5D86A21CE151}.Debug|x86.ActiveCfg = Debug|Win32
		{C5A58CE7-7230-4DE1-B9EA-5D86A21CE151}.Debug|x86.Build.0 = Debug|Win32
		{C5A58CE7-7230-4DE1-B9EA-5D86A21CE151}.MinSizeRel|x64.ActiveCfg = Release|x64
		{C5A58CE7-7230-4DE1-B9EA-5D86A21CE151}.MinSizeRel|x64.Build.0 = Release|x64
		{C5A58CE7-7230-4DE1-B9EA-5D86A21CE151}.MinSizeRel|x86.ActiveCfg = Release|Win32
		{C5A58CE7-7230-4DE1-B9EA-5D86A21CE151}.MinSizeRel|x86.Build.0 = Release|Win32
		{C5A58CE7-7230-4DE1-B9EA-5D86A21CE151}.Profile|x64.ActiveCfg = Release|x64
		{C5A58CE7-7230-4DE1-B9EA-5D86A21CE151}.Profile|x64.Build.0 = Release|x64
		{C5A58CE7-7230-4DE1-B9EA-5D86A21CE151}.Profile|x86.ActiveCfg = Release|Win32
		{C5A58CE7-7230-4DE1-B9EA-5D86A21CE151}.Profile|x86.Build.0 = Release|Win32
		{C5A58CE7-7230-4DE1-B9EA-5D86A21CE151}.Release|x64.ActiveCfg = Release|x64
		{C5A58CE7-7230-4DE1-B9EA-5D86A21CE151}.Release|x64.Build.0 = Release|x64
		{C5A58CE7-7230-4DE1-B9EA-5D86A21CE151}.Release|x86.ActiveCfg = Release|Win32
		{C5A58CE7-7230-4DE1-B9EA-5D86A21CE151}.Release|x86.Build.0 = Release|Win32
		{C5A58CE7-7230-4DE1-B9EA-5D86A21CE151}.RelWithDebInfo|x64.ActiveCfg = Release|x64
		{C5A58CE7-7230-4DE1-B9EA-5D86A21CE151}.RelWithDebInfo|x64.Build.0 = Release|x64
		{C5A58CE7-7230-4DE1-B9EA-5D86A21CE151}.RelWithDebInfo|x86.ActiveCfg = Release|Win32
		{C5A58CE7-7230-4DE1-B9EA-5D86A21CE151}.RelWithDebInfo|x86.Build.0 = Release|Win32
		{EBC21C23-C8A9-41F3-90EE-56CA3F1CE361}.Debug|x64.ActiveCfg = Debug|x64
		{EBC21C23-C8A9-41F3-90EE-56CA3F1CE361}.Debug|x64.Build.0 = Debug|x64
		{EBC21C23-C8A9-41F3-90EE-56CA3F1CE361}.Debug|x86.ActiveCfg = Debug|Win32
		{EBC21C23-C8A9-41F3-90EE-56CA3F1CE361}.Debug|x86.Build.0 = Debug|Win32
		{EBC21C23-C8A9-41F3-90EE-56CA3F1CE361}.MinSizeRel|x64.ActiveCfg = Release|x64
		{EBC21C23-C8A9-41F3-90EE-56CA3F1CE361}.MinSizeRel|x64.Build.0 = Release|x64
		{EBC21C23-C8A9-41F3-90EE-56CA3F1CE361}.MinSizeRel|x86.ActiveCfg = Release|Win32
		{EBC21C23-C8A9-41F3-90EE-56CA3F1CE361}.MinSizeRel|x86.Build.0 = Release|Win32
		{EBC21C23-C8A9-41F3-90EE-56CA3F1CE361}.Profile|x64.ActiveCfg = Release|x64
		{EBC21C23-C8A9-41F3-90EE-56CA3F1CE361}.Profile|x64.Build.0 = Release|x64
		{EBC21C23-C8A9-41F3-90EE-56CA3F1CE361}.Profile|x86.ActiveCfg = Release|Win32
		{EBC21C23-C8A9-41F3-90EE-56CA3F1CE361}.Profile|x86.Build.0 = Release|Win32
		{EBC21C23-C8A9-41F3-90EE-56CA3F1CE361}.Release|x64.ActiveCfg = Release|x64
		{EBC21C23-C8A9-41F3-90EE-56CA3F1CE361}.Release|x64.Build.0 = Release|x64
		{EBC21C23-C8A9-41F3-90EE-56CA3F1CE361}.Release|x86.ActiveCfg = Release|Win32
		{EBC21C23-C8A9-41F3-90EE-56CA3F1CE361}.Release|x86.Build.0 = Release|Win32
		{EBC21C23-C8A9-41F3-90EE-56CA3F1CE361}.RelWithDebInfo|x64.ActiveCfg = Release|x64
		{EBC21C23-C8A9-41F3-90EE-56CA3F1CE361}.RelWithDebInfo|x64.Build.0 = Release|x64
		{EBC21C23-C8A9-41F3-90EE-56CA3F1CE361}.RelWithDebInfo|x86.ActiveCfg = Release|Win32
		{EBC21C23-C8A9-41F3-90EE-56CA3F1CE361}.RelWithDebInfo|x86.Build.0 = Release|Win32
		{DD4D7E4A-1164-4160-8783-11B129B6F6D3}.Debug|x64.ActiveCfg = Debug|x64
		{DD4D7E4A-1164-4160-8783-11B129B6F6D3}.Debug|x64.Build.0 = Debug|x64
		{DD4D7E4A-1164-4160-8783-11B129B6F6D3}.Debug|x86.ActiveCfg = Debug|Win32
		{DD4D7E4A-1164-4160-8783-11B129B6F6D3}.Debug|x86.Build.0 = Debug|Win32
		{DD4D7E4A-1164-4160-8783-11B129B6F6D3}.MinSizeRel|x64.ActiveCfg = Release|x64
		{DD4D7E4A-1164-4160-8783-11B129B6F6D3}.MinSizeRel|x64.Build.0 = Release|x64
		{DD4D7E4A-1164-4160-8783-11B129B6F6D3}.MinSizeRel|x86.ActiveCfg = Release|Win32
		{DD4D7E4A-1164-4160-8783-11B129B6F6D3}.MinSizeRel|x86.Build.0 = Release|Win32
		{DD4D7E4A-1164-4160-8783-11B129B6F6D3}.Profile|x64.ActiveCfg = Release|x64
		{DD4D7E4A-1164-4160-8783-11B129B6F6D3}.Profile|x64.Build.0 = Release|x64
		{DD4D7E4A-1164-4160-8783-11B129B6F6D3}.Profile|x86.ActiveCfg = Release|Win32
		{DD4D7E4A-1164-4160-8783-11B129B6F6D3}.Profile|x86.Build.0 = Release|Win32
		{DD4D7E4A-1164-4160-8783-11B129B6F6D3}.Release|x64.ActiveCfg = Release|x64
		{DD4D7E4A-1164-4160-8783-11B129B6F6D3}.Release|x64.Build.0 = Release|x64
		{DD4D7E4A-1164-4160-8783-11B129B6F6D3}.Release|x86.ActiveCfg = Release|Win32
		{DD4D7E4A-1164-4160-8783-11B129B6F6D3}.Release|x86.Build.0 = Release|Win32
		{DD4D7E4A-1164-4160-8783-11B129B6F6D3}.RelWithDebInfo|x64.ActiveCfg = Release|x64
		{DD4D7E4A-1164-4160-8783-11B129B6F6D3}.RelWithDebInfo|x64.Build.0 = Release|x64
		{DD4D7E4A-1164-4160-8783-11B129B6F6D3}.RelWithDebInfo|x86.ActiveCfg = Release|Win32
		{DD4D7E4A-1164-4160-8783-11B129B6F6D3}.RelWithDebInfo|x86.Build.0 = Release|Win32
		{987D1F41-1A6B-4157-98A0-242F720F7837}.Debug|x64.ActiveCfg = Debug|x64
		{987D1F41-1A6B-4157-98A0-242F720F7837}.Debug|x64.Build.0 = Debug|x64
		{987D1F41-1A6B-4157-98A0-242F720F7837}.Debug|x86.ActiveCfg = Debug|Win32
		{987D1F41-1A6B-4157-98A0-242F720F7837}.Debug|x86.Build.0 = Debug|Win32
		{987D1F41-1A6B-4157-98A0-242F720F7837}.MinSizeRel|x64.ActiveCfg = Release|x64
		{987D1F41-1A6B-4157-98A0-242F720F7837}.MinSizeRel|x64.Build.0 = Release|x64
		{987D1F41-1A6B-4157-98A0-242F720F7837}.MinSizeRel|x86.ActiveCfg = Release|Win32
		{987D1F41-1A6B-4157-98A0-242F720F7837}.MinSizeRel|x86.Build.0 = Release|Win32
		{987D1F41-1A6B-4157-98A0-242F720F7837}.Profile|x64.ActiveCfg = Release|x64
		{987D1F41-1A6B-4157-98A0-242F720F7837}.Profile|x64.Build.0 = Release|x64
		{987D1F41-1A6B-4157-98A0-242F720F7837}.Profile|x86.ActiveCfg = Release|Win32
		{987D1F41-1A6B-4157-98A0-242F720F7837}.Profile|x86.Build.0 = Release|Win32
		{987D1F41-1A6B-4157-98A0-242F720F7837}.Release|x64.ActiveCfg = Release|x64
		{987D1F41-1A6B-4157-98A0-242F720F7837}.Release|x64.Build.0 = Release|x64
		{987D1F41-1A6B-4157-98A0-242F720F7837}.Release|x86.ActiveCfg = Release|Win32
		{987D1F41-1A6B-4157-98A0-242F720F7837}.Release|x86.Build.0 = Release|Win32
		{987D1F41-1A6B-4157-98A0-242F720F7837}.RelWithDebInfo|x64.ActiveCfg = Release|x64
		{987D1F41-1A6B-4157-98A0-242F720F7837}.RelWithDebInfo|x64.Build.0 = Release|x64
		{987D1F41-1A6B-4157-98A0-242F720F7837}.RelWithDebInfo|x86.ActiveCfg = Release|Win32
		{987D1F41-1A6B-4157-98A0-242F720F7837}.RelWithDebInfo|x86.Build.0 = Release|Win32
		{72D31539-6F87-4766-B85C-687CF760D575}.Debug|x64.ActiveCfg = Debug|x64
		{72D31539-6F87-4766-B85C-687CF760D575}.Debug|x64.Build.0 = Debug|x64
		{72D31539-6F87-4766-B85C-687CF760D575}.Debug|x86.ActiveCfg = Debug|Win32
		{72D31539-6F87-4766-B85C-687CF760D575}.Debug|x86.Build.0 = Debug|Win32
		{72D31539-6F87-4766-B85C-687CF760D575}.MinSizeRel|x64.ActiveCfg = Release|x64
		{72D31539-6F87-4766-B85C-687CF760D575}.MinSizeRel|x64.Build.0 = Release|x64
		{72D31539-6F87-4766-B85C-687CF760D575}.MinSizeRel|x86.ActiveCfg = Release|Win32
		{72D31539-6F87-4766-B85C-687CF760D575}.MinSizeRel|x86.Build.0 = Release|Win32
		{72D31539-6F87-4766-B85C-687CF760D575}.Profile|x64.ActiveCfg = Release|x64
		{72D31539-6F87-4766-B85C-687CF760D575}.Profile|x64.Build.0 = Release|x64
		{72D31539-6F87-4766-B85C-687CF760D575}.Profile|x86.ActiveCfg = Release|Win32
		{72D31539-6F87-4766-B85C-687CF760D575}.Profile|x86.Build.0 = Release|Win32
		{72D31539-6F87-4766-B85C-687CF760D575}.Release|x64.ActiveCfg = Release|x64
		{72D31539-6F87-4766-B85C-687CF760D575}.Release|x64.Build.0 = Release|x64
		{72D31539-6F87-4766-B85C-687CF760D575}.Release|x86.ActiveCfg = Release|Win32
		{72D31539-6F87-4766-B85C-687CF760D575}.Release|x86.Build.0 = Release|Win32
		{72D31539-6F87-4766-B85C-687CF760D575}.RelWithDebInfo|x64.ActiveCfg = Release|x64
		{72D31539-6F87-4766-B85C-687CF760D575}.RelWithDebInfo|x64.Build.0 = Release|x64
		{72D31539-6F87-4766-B85C-687CF760D575}.RelWithDebInfo|x86.ActiveCfg = Release|Win32
		{72D31539-6F87-4766-B85C-687CF760D575}.RelWithDebInfo|x86.Build.0 = Release|Win32
		{7305A897-2208-4260-8103-E840A184E565}.Debug|x64.ActiveCfg = Debug|x64
		{7305A897-2208-4260-8103-E840A184E565}.Debug|x64.Build.0 = Debug|x64
		{7305A897-2208-4260-8103-E840A184E565}.Debug|x86.ActiveCfg = Debug|Win32
		{7305A897-2208-4260-8103-E840A184E565}.Debug|x86.Build.0 = Debug|Win32
		{7305A897-2208-4260-8103-E840A184E565}.MinSizeRel|x64.ActiveCfg = Release|x64
		{7305A897-2208-4260-8103-E840A184E565}.MinSizeRel|x64.Build.0 = Release|x64
		{7305A897-2208-4260-8103-E840A184E565}.MinSizeRel|x86.ActiveCfg = Release|Win32
		{7305A897-2208-4260-8103-E840A184E565}.MinSizeRel|x86.Build.0 = Release|Win32
		{7305A897-2208-4260-8103-E840A184E565}.Profile|x64.ActiveCfg = Release|x64
		{7305A897-2208-4260-8103-E840A184E565}.Profile|x64.Build.0 = Release|x64
		{7305A897-2208-4260-8103-E840A184E565}.Profile|x86.ActiveCfg = Release|Win32
		{7305A897-2208-4260-8103-E840A184E565}.Profile|x86.Build.0 = Release|Win32
		{7305A897-2208-4260-8103-E840A184E565}.Release|x64.ActiveCfg = Release|x64
		{7305A897-2208-4260-8103-E840A184E565}.Release|x64.Build.0 = Release|x64
		{7305A897-2208-4260-8103-E840A184E565}.Release|x86.ActiveCfg = Release|Win32
		{7305A897-2208-4260-8103-E840A184E565}.Release|x86.Build.0 = Release|Win32
		{7305A897-2208-4260-8103-E840A184E565}.RelWithDebInfo|x64.ActiveCfg = Release|x64
		{7305A897-2208-4260-8103-E840A184E565}.RelWithDebInfo|x64.Build.0 = Release|x64
		{7305A897-2208-4260-8103-E840A184E565}.RelWithDebInfo|x86.ActiveCfg = Release|Win32
		{7305A897-2208-4260-8103-E840A184E565}.RelWithDebInfo|x86.Build.0 = Release|Win32
		{371B9FA9-4C90-4AC6-A123-ACED756D6C77}.Debug|x64.ActiveCfg = Debug|x64
		{371B9FA9-4C90-4AC6-A123-ACED756D6C77}.Debug|x64.Build.0 = Debug|x64
		{371B9FA9-4C90-4AC6-A123-ACED756D6C77}.Debug|x86.ActiveCfg = Debug|Win32
		{371B9FA9-4C90-4AC6-A123-ACED756D6C77}.Debug|x86.Build.0 = Debug|Win32
		{371B9FA9-4C90-4AC6-A123-ACED756D6C77}.MinSizeRel|x64.ActiveCfg = Release|x64
		{371B9FA9-4C90-4AC6-A123-ACED756D6C77}.MinSizeRel|x64.Build.0 = Release|x64
		{371B9FA9-4C90-4AC6-A123-ACED756D6C77}.MinSizeRel|x86.ActiveCfg = Release|Win32
		{371B9FA9-4C90-4AC6-A123-ACED756D6C77}.MinSizeRel|x86.Build.0 = Release|Win32
		{371B9FA9-4C90-4AC6-A123-ACED756D6C77}.Profile|x64.ActiveCfg = Profile|x64
		{371B9FA9-4C90-4AC6-A123-ACED756D6C77}.Profile|x64.Build.0 = Profile|x64
		{371B9FA9-4C90-4AC6-A123-ACED756D6C77}.Profile|x86.ActiveCfg = Profile|Win32
		{371B9FA9-4C90-4AC6-A123-ACED756D6C77}.Profile|x86.Build.0 = Profile|Win32
		{371B9FA9-4C90-4AC6-A123-ACED756D6C77}.Release|x64.ActiveCfg = Release|x64
		{371B9FA9-4C90-4AC6-A123-ACED756D6C77}.Release|x64.Build.0 = Release|x64
		{371B9FA9-4C90-4AC6-A123-ACED756D6C77}.Release|x86.ActiveCfg = Release|Win32
		{371B9FA9-4C90-4AC6-A123-ACED756D6C77}.Release|x86.Build.0 = Release|Win32
		{371B9FA9-4C90-4AC6-A123-ACED756D6C77}.RelWithDebInfo|x64.ActiveCfg = Release|x64
		{371B9FA9-4C90-4AC6-A123-ACED756D6C77}.RelWithDebInfo|x64.Build.0 = Release|x64
		{371B9FA9-4C90-4AC6-A123-ACED756D6C77}.RelWithDebInfo|x86.ActiveCfg = Release|Win32
		{371B9FA9-4C90-4AC6-A123-ACED756D6C77}.RelWithDebInfo|x86.Build.0 = Release|Win32
		{9F776D92-FBD7-4FDF-81B0-9F5F6311BDEE}.Debug|x64.ActiveCfg = Debug|x64
		{9F776D92-FBD7-4FDF-81B0-9F5F6311BDEE}.Debug|x64.Build.0 = Debug|x64
		{9F776D92-FBD7-4FDF-81B0-9F5F6311BDEE}.Debug|x86.ActiveCfg = Debug|Win32
		{9F776D92-FBD7-4FDF-81B0-9F5F6311BDEE}.Debug|x86.Build.0 = Debug|Win32
		{9F776D92-FBD7-4FDF-81B0-9F5F6311BDEE}.MinSizeRel|x64.ActiveCfg = Release|x64
		{9F776D92-FBD7-4FDF-81B0-9F5F6311BDEE}.MinSizeRel|x64.Build.0 = Release|x64
		{9F776D92-FBD7-4FDF-81B0-9F5F6311BDEE}.MinSizeRel|x86.ActiveCfg = Release|Win32
		{9F776D92-FBD7-4FDF-81B0-9F5F6311BDEE}.MinSizeRel|x86.Build.0 = Release|Win32
		{9F776D92-FBD7-4FDF-81B0-9F5F6311BDEE}.Profile|x64.ActiveCfg = Release|x64
		{9F776D92-FBD7-4FDF-81B0-9F5F6311BDEE}.Profile|x64.Build.0 = Release|x64
		{9F776D92-FBD7-4FDF-81B0-9F5F6311BDEE}.Profile|x86.ActiveCfg = Release|Win32
		{9F776D92-FBD7-4FDF-81B0-9F5F6311BDEE}.Profile|x86.Build.0 = Release|Win32
		{9F776D92-FBD7-4FDF-81B0-9F5F6311BDEE}.Release|x64.ActiveCfg = Release|x64
		{9F776D92-FBD7-4FDF-81B0-9F5F6311BDEE}.Release|x64.Build.0 = Release|x64
		{9F776D92-FBD7-4FDF-81B0-9F5F6311BDEE}.Release|x86.ActiveCfg = Release|Win32
		{9F776D92-FBD7-4FDF-81B0-9F5F6311BDEE}.Release|x86.Build.0 = Release|Win32
		{9F776D92-FBD7-4FDF-81B0-9F5F6311BDEE}.RelWithDebInfo|x64.ActiveCfg = Release|x64
		{9F776D92-FBD7-4FDF-81B0-9F5F6311BDEE}.RelWithDebInfo|x64.Build.0 = Release|x64
		{9F776D92-FBD7-4FDF-81B0-9F5F6311BDEE}.RelWithDebInfo|x86.ActiveCfg = Release|Win32
		{9F776D92-FBD7-4FDF-81B0-9F5F6311BDEE}.RelWithDebInfo|x86.Build.0 = Release|Win32
		{1771F905-E4EC-428C-B46E-18E003B884B8}.Debug|x64.ActiveCfg = Debug|x64
		{1771F905-E4EC-428C-B46E-18E003B884B8}.Debug|x64.Build.0 = Debug|x64
		{1771F905-E4EC-428C-B46E-18E003B884B8}.Debug|x86.ActiveCfg = Debug|Win32
		{1771F905-E4EC-428C-B46E-18E003B884B8}.Debug|x86.Build.0 = Debug|Win32
		{1771F905-E4EC-428C-B46E-18E003B884B8}.MinSizeRel|x64.ActiveCfg = Release|x64
		{1771F905-E4EC-428C-B46E-18E003B884B8}.MinSizeRel|x64.Build.0 = Release|x64
		{1771F905-E4EC-428C-B46E-18E003B884B8}.MinSizeRel|x86.ActiveCfg = Release|Win32
		{1771F905-E4EC-428C-B46E-18E003B884B8}.MinSizeRel|x86.Build.0 = Release|Win32
		{1771F905-E4EC-428C-B46E-18E003B884B8}.Profile|x64.ActiveCfg = Release|x64
		{1771F905-E4EC-428C-B46E-18E003B884B8}.Profile|x64.Build.0 = Release|x64
		{1771F905-E4EC-428C-B46E-18E003B884B8}.Profile|x86.ActiveCfg = Release|Win32
		{1771F905-E4EC-428C-B46E-18E003B884B8}.Profile|x86.Build.0 = Release|Win32
		{1771F905-E4EC-428C-B46E-18E003B884B8}.Release|x64.ActiveCfg = Release|x64
		{1771F905-E4EC-428C-B46E-18E003B884B8}.Release|x64.Build.0 = Release|x64
		{1771F905-E4EC-428C-B46E-18E003B884B8}.Release|x86.ActiveCfg = Release|Win32
		{1771F905-E4EC-428C-B46E-18E003B884B8}.Release|x86.Build.0 = Release|Win32
		{1771F905-E4EC-428C-B46E-18E003B884B8}.RelWithDebInfo|x64.ActiveCfg = Release|x64
		{1771F905-E4EC-428C-B46E-18E003B884B8}.RelWithDebInfo|x64.Build.0 = Release|x64
		{1771F905-E4EC-428C-B46E-18E003B884B8}.RelWithDebInfo|x86.ActiveCfg = Release|Win32
		{1771F905-E4EC-428C-B46E-18E003B884B8}.RelWithDebInfo|x86.Build.0 = Release|Win32
		{9AC899E8-D361-3FB4-8C2B-2D5A843858F9}.Debug|x64.ActiveCfg = Debug|Win32
		{9AC899E8-D361-3FB4-8C2B-2D5A843858F9}.Debug|x86.ActiveCfg = Debug|Win32
		{9AC899E8-D361-3FB4-8C2B-2D5A843858F9}.Debug|x86.Build.0 = Debug|Win32
		{9AC899E8-D361-3FB4-8C2B-2D5A843858F9}.MinSizeRel|x64.ActiveCfg = MinSizeRel|Win32
		{9AC899E8-D361-3FB4-8C2B-2D5A843858F9}.MinSizeRel|x86.ActiveCfg = MinSizeRel|Win32
		{9AC899E8-D361-3FB4-8C2B-2D5A843858F9}.MinSizeRel|x86.Build.0 = MinSizeRel|Win32
		{9AC899E8-D361-3FB4-8C2B-2D5A843858F9}.Profile|x64.ActiveCfg = Release|Win32
		{9AC899E8-D361-3FB4-8C2B-2D5A843858F9}.Profile|x64.Build.0 = Release|Win32
		{9AC899E8-D361-3FB4-8C2B-2D5A843858F9}.Profile|x86.ActiveCfg = Release|Win32
		{9AC899E8-D361-3FB4-8C2B-2D5A843858F9}.Profile|x86.Build.0 = Release|Win32
		{9AC899E8-D361-3FB4-8C2B-2D5A843858F9}.Release|x64.ActiveCfg = Release|Win32
		{9AC899E8-D361-3FB4-8C2B-2D5A843858F9}.Release|x86.ActiveCfg = Release|Win32
		{9AC899E8-D361-3FB4-8C2B-2D5A843858F9}.Release|x86.Build.0 = Release|Win32
		{9AC899E8-D361-3FB4-8C2B-2D5A843858F9}.RelWithDebInfo|x64.ActiveCfg = RelWithDebInfo|Win32
		{9AC899E8-D361-3FB4-8C2B-2D5A843858F9}.RelWithDebInfo|x86.ActiveCfg = RelWithDebInfo|Win32
		{9AC899E8-D361-3FB4-8C2B-2D5A843858F9}.RelWithDebInfo|x86.Build.0 = RelWithDebInfo|Win32
	EndGlobalSection
	GlobalSection(SolutionProperties) = preSolution
		HideSolutionNode = FALSE
	EndGlobalSection
	GlobalSection(NestedProjects) = preSolution
		{E4465166-81A5-49D2-82D8-47BE5475247C} = {7B86E549-3129-4044-9C93-F481108E747D}
		{B7416168-10EA-4513-8845-9EAC289A7C6E} = {7B86E549-3129-4044-9C93-F481108E747D}
		{42EE258D-6054-45FD-B647-C20BBFCAD104} = {7B86E549-3129-4044-9C93-F481108E747D}
		{8DB4608B-7436-4169-B63F-8A5107E1B42D} = {7B86E549-3129-4044-9C93-F481108E747D}
		{C5A58CE7-7230-4DE1-B9EA-5D86A21CE151} = {7B86E549-3129-4044-9C93-F481108E747D}
		{EBC21C23-C8A9-41F3-90EE-56CA3F1CE361} = {7B86E549-3129-4044-9C93-F481108E747D}
		{DD4D7E4A-1164-4160-8783-11B129B6F6D3} = {7B86E549-3129-4044-9C93-F481108E747D}
		{987D1F41-1A6B-4157-98A0-242F720F7837} = {C8AA40D6-41DB-45BD-A657-2CDEF057B3E2}
		{72D31539-6F87-4766-B85C-687CF760D575} = {7B86E549-3129-4044-9C93-F481108E747D}
		{621E4DA8-A3E1-49AE-92E9-E60E0B19DF3A} = {C8AA40D6-41DB-45BD-A657-2CDEF057B3E2}
		{7305A897-2208-4260-8103-E840A184E565} = {7B86E549-3129-4044-9C93-F481108E747D}
		{371B9FA9-4C90-4AC6-A123-ACED756D6C77} = {7B86E549-3129-4044-9C93-F481108E747D}
		{9F776D92-FBD7-4FDF-81B0-9F5F6311BDEE} = {7B86E549-3129-4044-9C93-F481108E747D}
		{1771F905-E4EC-428C-B46E-18E003B884B8} = {7B86E549-3129-4044-9C93-F481108E747D}
		{9AC899E8-D361-3FB4-8C2B-2D5A843858F9} = {7B86E549-3129-4044-9C93-F481108E747D}
	EndGlobalSection
	GlobalSection(ExtensibilityGlobals) = postSolution
		SolutionGuid = {19A0AD21-2F3C-4914-AC71-8201C6B518CA}
	EndGlobalSection
EndGlobal
