
Microsoft Visual Studio Solution File, Format Version 12.00
# Visual Studio 15
VisualStudioVersion = 15.0.27703.2042
MinimumVisualStudioVersion = 10.0.40219.1
Project("{8BC9CEB8-8B4A-11D0-8D11-00A0C91BC942}") = "graphics", "graphics\graphics.vcxproj", "{E4465166-81A5-49D2-82D8-47BE5475247C}"
EndProject
Project("{8BC9CEB8-8B4A-11D0-8D11-00A0C91BC942}") = "input", "input\input.vcxproj", "{B7416168-10EA-4513-8845-9EAC289A7C6E}"
EndProject
Project("{8BC9CEB8-8B4A-11D0-8D11-00A0C91BC942}") = "window", "window\window.vcxproj", "{42EE258D-6054-45FD-B647-C20BBFCAD104}"
EndProject
Project("{8BC9CEB8-8B4A-11D0-8D11-00A0C91BC942}") = "main", "main\main.vcxproj", "{20BF027C-8B65-4803-B2CF-E4DF2E5A1613}"
EndProject
Project("{8BC9CEB8-8B4A-11D0-8D11-00A0C91BC942}") = "engine", "engine\engine.vcxproj", "{8DB4608B-7436-4169-B63F-8A5107E1B42D}"
EndProject
Project("{8BC9CEB8-8B4A-11D0-8D11-00A0C91BC942}") = "math", "math\math.vcxproj", "{C5A58CE7-7230-4DE1-B9EA-5D86A21CE151}"
EndProject
Project("{8BC9CEB8-8B4A-11D0-8D11-00A0C91BC942}") = "dll_loader", "dll_loader\dll_loader.vcxproj", "{EBC21C23-C8A9-41F3-90EE-56CA3F1CE361}"
EndProject
Project("{8BC9CEB8-8B4A-11D0-8D11-00A0C91BC942}") = "ecs", "ecs\ecs.vcxproj", "{DD4D7E4A-1164-4160-8783-11B129B6F6D3}"
EndProject
Project("{8BC9CEB8-8B4A-11D0-8D11-00A0C91BC942}") = "main_window", "main_window\main_window.vcxproj", "{987D1F41-1A6B-4157-98A0-242F720F7837}"
EndProject
Global
	GlobalSection(SolutionConfigurationPlatforms) = preSolution
		Debug|x64 = Debug|x64
		Debug|x86 = Debug|x86
		Release|x64 = Release|x64
		Release|x86 = Release|x86
	EndGlobalSection
	GlobalSection(ProjectConfigurationPlatforms) = postSolution
		{E4465166-81A5-49D2-82D8-47BE5475247C}.Debug|x64.ActiveCfg = Debug|x64
		{E4465166-81A5-49D2-82D8-47BE5475247C}.Debug|x64.Build.0 = Debug|x64
		{E4465166-81A5-49D2-82D8-47BE5475247C}.Debug|x86.ActiveCfg = Debug|Win32
		{E4465166-81A5-49D2-82D8-47BE5475247C}.Debug|x86.Build.0 = Debug|Win32
		{E4465166-81A5-49D2-82D8-47BE5475247C}.Release|x64.ActiveCfg = Release|x64
		{E4465166-81A5-49D2-82D8-47BE5475247C}.Release|x64.Build.0 = Release|x64
		{E4465166-81A5-49D2-82D8-47BE5475247C}.Release|x86.ActiveCfg = Release|Win32
		{E4465166-81A5-49D2-82D8-47BE5475247C}.Release|x86.Build.0 = Release|Win32
		{B7416168-10EA-4513-8845-9EAC289A7C6E}.Debug|x64.ActiveCfg = Debug|x64
		{B7416168-10EA-4513-8845-9EAC289A7C6E}.Debug|x64.Build.0 = Debug|x64
		{B7416168-10EA-4513-8845-9EAC289A7C6E}.Debug|x86.ActiveCfg = Debug|Win32
		{B7416168-10EA-4513-8845-9EAC289A7C6E}.Debug|x86.Build.0 = Debug|Win32
		{B7416168-10EA-4513-8845-9EAC289A7C6E}.Release|x64.ActiveCfg = Release|x64
		{B7416168-10EA-4513-8845-9EAC289A7C6E}.Release|x64.Build.0 = Release|x64
		{B7416168-10EA-4513-8845-9EAC289A7C6E}.Release|x86.ActiveCfg = Release|Win32
		{B7416168-10EA-4513-8845-9EAC289A7C6E}.Release|x86.Build.0 = Release|Win32
		{42EE258D-6054-45FD-B647-C20BBFCAD104}.Debug|x64.ActiveCfg = Debug|x64
		{42EE258D-6054-45FD-B647-C20BBFCAD104}.Debug|x64.Build.0 = Debug|x64
		{42EE258D-6054-45FD-B647-C20BBFCAD104}.Debug|x86.ActiveCfg = Debug|Win32
		{42EE258D-6054-45FD-B647-C20BBFCAD104}.Debug|x86.Build.0 = Debug|Win32
		{42EE258D-6054-45FD-B647-C20BBFCAD104}.Release|x64.ActiveCfg = Release|x64
		{42EE258D-6054-45FD-B647-C20BBFCAD104}.Release|x64.Build.0 = Release|x64
		{42EE258D-6054-45FD-B647-C20BBFCAD104}.Release|x86.ActiveCfg = Release|Win32
		{42EE258D-6054-45FD-B647-C20BBFCAD104}.Release|x86.Build.0 = Release|Win32
		{20BF027C-8B65-4803-B2CF-E4DF2E5A1613}.Debug|x64.ActiveCfg = Debug|x64
		{20BF027C-8B65-4803-B2CF-E4DF2E5A1613}.Debug|x64.Build.0 = Debug|x64
		{20BF027C-8B65-4803-B2CF-E4DF2E5A1613}.Debug|x86.ActiveCfg = Debug|Win32
		{20BF027C-8B65-4803-B2CF-E4DF2E5A1613}.Debug|x86.Build.0 = Debug|Win32
		{20BF027C-8B65-4803-B2CF-E4DF2E5A1613}.Release|x64.ActiveCfg = Release|x64
		{20BF027C-8B65-4803-B2CF-E4DF2E5A1613}.Release|x64.Build.0 = Release|x64
		{20BF027C-8B65-4803-B2CF-E4DF2E5A1613}.Release|x86.ActiveCfg = Release|Win32
		{20BF027C-8B65-4803-B2CF-E4DF2E5A1613}.Release|x86.Build.0 = Release|Win32
		{8DB4608B-7436-4169-B63F-8A5107E1B42D}.Debug|x64.ActiveCfg = Debug|x64
		{8DB4608B-7436-4169-B63F-8A5107E1B42D}.Debug|x64.Build.0 = Debug|x64
		{8DB4608B-7436-4169-B63F-8A5107E1B42D}.Debug|x86.ActiveCfg = Debug|Win32
		{8DB4608B-7436-4169-B63F-8A5107E1B42D}.Debug|x86.Build.0 = Debug|Win32
		{8DB4608B-7436-4169-B63F-8A5107E1B42D}.Release|x64.ActiveCfg = Release|x64
		{8DB4608B-7436-4169-B63F-8A5107E1B42D}.Release|x64.Build.0 = Release|x64
		{8DB4608B-7436-4169-B63F-8A5107E1B42D}.Release|x86.ActiveCfg = Release|Win32
		{8DB4608B-7436-4169-B63F-8A5107E1B42D}.Release|x86.Build.0 = Release|Win32
		{C5A58CE7-7230-4DE1-B9EA-5D86A21CE151}.Debug|x64.ActiveCfg = Debug|x64
		{C5A58CE7-7230-4DE1-B9EA-5D86A21CE151}.Debug|x64.Build.0 = Debug|x64
		{C5A58CE7-7230-4DE1-B9EA-5D86A21CE151}.Debug|x86.ActiveCfg = Debug|Win32
		{C5A58CE7-7230-4DE1-B9EA-5D86A21CE151}.Debug|x86.Build.0 = Debug|Win32
		{C5A58CE7-7230-4DE1-B9EA-5D86A21CE151}.Release|x64.ActiveCfg = Release|x64
		{C5A58CE7-7230-4DE1-B9EA-5D86A21CE151}.Release|x64.Build.0 = Release|x64
		{C5A58CE7-7230-4DE1-B9EA-5D86A21CE151}.Release|x86.ActiveCfg = Release|Win32
		{C5A58CE7-7230-4DE1-B9EA-5D86A21CE151}.Release|x86.Build.0 = Release|Win32
		{EBC21C23-C8A9-41F3-90EE-56CA3F1CE361}.Debug|x64.ActiveCfg = Debug|x64
		{EBC21C23-C8A9-41F3-90EE-56CA3F1CE361}.Debug|x64.Build.0 = Debug|x64
		{EBC21C23-C8A9-41F3-90EE-56CA3F1CE361}.Debug|x86.ActiveCfg = Debug|Win32
		{EBC21C23-C8A9-41F3-90EE-56CA3F1CE361}.Debug|x86.Build.0 = Debug|Win32
		{EBC21C23-C8A9-41F3-90EE-56CA3F1CE361}.Release|x64.ActiveCfg = Release|x64
		{EBC21C23-C8A9-41F3-90EE-56CA3F1CE361}.Release|x64.Build.0 = Release|x64
		{EBC21C23-C8A9-41F3-90EE-56CA3F1CE361}.Release|x86.ActiveCfg = Release|Win32
		{EBC21C23-C8A9-41F3-90EE-56CA3F1CE361}.Release|x86.Build.0 = Release|Win32
		{DD4D7E4A-1164-4160-8783-11B129B6F6D3}.Debug|x64.ActiveCfg = Debug|x64
		{DD4D7E4A-1164-4160-8783-11B129B6F6D3}.Debug|x64.Build.0 = Debug|x64
		{DD4D7E4A-1164-4160-8783-11B129B6F6D3}.Debug|x86.ActiveCfg = Debug|Win32
		{DD4D7E4A-1164-4160-8783-11B129B6F6D3}.Debug|x86.Build.0 = Debug|Win32
		{DD4D7E4A-1164-4160-8783-11B129B6F6D3}.Release|x64.ActiveCfg = Release|x64
		{DD4D7E4A-1164-4160-8783-11B129B6F6D3}.Release|x64.Build.0 = Release|x64
		{DD4D7E4A-1164-4160-8783-11B129B6F6D3}.Release|x86.ActiveCfg = Release|Win32
		{DD4D7E4A-1164-4160-8783-11B129B6F6D3}.Release|x86.Build.0 = Release|Win32
		{987D1F41-1A6B-4157-98A0-242F720F7837}.Debug|x64.ActiveCfg = Debug|x64
		{987D1F41-1A6B-4157-98A0-242F720F7837}.Debug|x64.Build.0 = Debug|x64
		{987D1F41-1A6B-4157-98A0-242F720F7837}.Debug|x86.ActiveCfg = Debug|Win32
		{987D1F41-1A6B-4157-98A0-242F720F7837}.Debug|x86.Build.0 = Debug|Win32
		{987D1F41-1A6B-4157-98A0-242F720F7837}.Release|x64.ActiveCfg = Release|x64
		{987D1F41-1A6B-4157-98A0-242F720F7837}.Release|x64.Build.0 = Release|x64
		{987D1F41-1A6B-4157-98A0-242F720F7837}.Release|x86.ActiveCfg = Release|Win32
		{987D1F41-1A6B-4157-98A0-242F720F7837}.Release|x86.Build.0 = Release|Win32
	EndGlobalSection
	GlobalSection(SolutionProperties) = preSolution
		HideSolutionNode = FALSE
	EndGlobalSection
	GlobalSection(ExtensibilityGlobals) = postSolution
		SolutionGuid = {19A0AD21-2F3C-4914-AC71-8201C6B518CA}
	EndGlobalSection
EndGlobal
